
Microsoft Visual Studio Solution File, Format Version 12.00
# Visual Studio Version 16
VisualStudioVersion = 16.0.29409.12
MinimumVisualStudioVersion = 10.0.40219.1
Project("{FAE04EC0-301F-11D3-BF4B-00C04F79EFBC}") = "DynamicPolicyAspNetCore", "WebApplication2\DynamicPolicyAspNetCore.csproj", "{051707F2-488D-4F90-9A51-2C8CF482C5CA}"
EndProject
Global
	GlobalSection(SolutionConfigurationPlatforms) = preSolution
		Debug|Any CPU = Debug|Any CPU
		Release|Any CPU = Release|Any CPU
	EndGlobalSection
	GlobalSection(ProjectConfigurationPlatforms) = postSolution
		{051707F2-488D-4F90-9A51-2C8CF482C5CA}.Debug|Any CPU.ActiveCfg = Debug|Any CPU
		{051707F2-488D-4F90-9A51-2C8CF482C5CA}.Debug|Any CPU.Build.0 = Debug|Any CPU
		{051707F2-488D-4F90-9A51-2C8CF482C5CA}.Release|Any CPU.ActiveCfg = Release|Any CPU
		{051707F2-488D-4F90-9A51-2C8CF482C5CA}.Release|Any CPU.Build.0 = Release|Any CPU
	EndGlobalSection
	GlobalSection(SolutionProperties) = preSolution
		HideSolutionNode = FALSE
	EndGlobalSection
	GlobalSection(ExtensibilityGlobals) = postSolution
		SolutionGuid = {06257C52-D6ED-4461-B46F-C484DAB4537F}
	EndGlobalSection
EndGlobal
